
Microsoft Visual Studio Solution File, Format Version 12.00
# Visual Studio 15
VisualStudioVersion = 15.0.28307.102
MinimumVisualStudioVersion = 10.0.40219.1
Project("{FAE04EC0-301F-11D3-BF4B-00C04F79EFBC}") = "Bloco-de-Notas", "Bloco-de-Notas\Bloco-de-Notas.csproj", "{524E3AD7-A8C7-4384-A53A-6B73FD6C9396}"
EndProject
Global
	GlobalSection(SolutionConfigurationPlatforms) = preSolution
		Debug|Any CPU = Debug|Any CPU
		Release|Any CPU = Release|Any CPU
	EndGlobalSection
	GlobalSection(ProjectConfigurationPlatforms) = postSolution
		{524E3AD7-A8C7-4384-A53A-6B73FD6C9396}.Debug|Any CPU.ActiveCfg = Debug|Any CPU
		{524E3AD7-A8C7-4384-A53A-6B73FD6C9396}.Debug|Any CPU.Build.0 = Debug|Any CPU
		{524E3AD7-A8C7-4384-A53A-6B73FD6C9396}.Release|Any CPU.ActiveCfg = Release|Any CPU
		{524E3AD7-A8C7-4384-A53A-6B73FD6C9396}.Release|Any CPU.Build.0 = Release|Any CPU
	EndGlobalSection
	GlobalSection(SolutionProperties) = preSolution
		HideSolutionNode = FALSE
	EndGlobalSection
	GlobalSection(ExtensibilityGlobals) = postSolution
		SolutionGuid = {5DD59599-B7CB-4F50-979D-AB8090256995}
	EndGlobalSection
EndGlobal
